
Microsoft Visual Studio Solution File, Format Version 12.00
# Visual Studio Version 16
VisualStudioVersion = 16.0.31410.357
MinimumVisualStudioVersion = 10.0.40219.1
Project("{9A19103F-16F7-4668-BE54-9A1E7A4F7556}") = "Trelo1", "Trelo1\Trelo1.csproj", "{1D7445CE-F7B7-4CBC-9EF4-D50614440007}"
EndProject
Project("{FAE04EC0-301F-11D3-BF4B-00C04F79EFBC}") = "TreloDAL", "TreloDAL\TreloDAL.csproj", "{F7DBDE50-9025-466D-AA88-AD916B43EC1D}"
EndProject
Project("{FAE04EC0-301F-11D3-BF4B-00C04F79EFBC}") = "TreloBLL", "TreloBLL\TreloBLL.csproj", "{9C21ED12-0581-4D0C-B854-96446EF7E893}"
EndProject
Global
	GlobalSection(SolutionConfigurationPlatforms) = preSolution
		Debug|Any CPU = Debug|Any CPU
		Release|Any CPU = Release|Any CPU
	EndGlobalSection
	GlobalSection(ProjectConfigurationPlatforms) = postSolution
		{1D7445CE-F7B7-4CBC-9EF4-D50614440007}.Debug|Any CPU.ActiveCfg = Debug|Any CPU
		{1D7445CE-F7B7-4CBC-9EF4-D50614440007}.Debug|Any CPU.Build.0 = Debug|Any CPU
		{1D7445CE-F7B7-4CBC-9EF4-D50614440007}.Release|Any CPU.ActiveCfg = Release|Any CPU
		{1D7445CE-F7B7-4CBC-9EF4-D50614440007}.Release|Any CPU.Build.0 = Release|Any CPU
		{F7DBDE50-9025-466D-AA88-AD916B43EC1D}.Debug|Any CPU.ActiveCfg = Debug|Any CPU
		{F7DBDE50-9025-466D-AA88-AD916B43EC1D}.Debug|Any CPU.Build.0 = Debug|Any CPU
		{F7DBDE50-9025-466D-AA88-AD916B43EC1D}.Release|Any CPU.ActiveCfg = Release|Any CPU
		{F7DBDE50-9025-466D-AA88-AD916B43EC1D}.Release|Any CPU.Build.0 = Release|Any CPU
		{9C21ED12-0581-4D0C-B854-96446EF7E893}.Debug|Any CPU.ActiveCfg = Debug|Any CPU
		{9C21ED12-0581-4D0C-B854-96446EF7E893}.Debug|Any CPU.Build.0 = Debug|Any CPU
		{9C21ED12-0581-4D0C-B854-96446EF7E893}.Release|Any CPU.ActiveCfg = Release|Any CPU
		{9C21ED12-0581-4D0C-B854-96446EF7E893}.Release|Any CPU.Build.0 = Release|Any CPU
	EndGlobalSection
	GlobalSection(SolutionProperties) = preSolution
		HideSolutionNode = FALSE
	EndGlobalSection
	GlobalSection(ExtensibilityGlobals) = postSolution
		SolutionGuid = {49BADBED-D7AA-4E24-8A87-D84071A269A0}
	EndGlobalSection
EndGlobal
